{
  "name": "Bitcord",
  "lockfileVersion": 2,
  "requires": true,
  "packages": {
    "": {
      "dependencies": {
        "svelte-adapter": "^0.5.0"
      }
    },
    "node_modules/svelte-adapter": {
      "version": "0.5.0",
      "resolved": "https://registry.npmjs.org/svelte-adapter/-/svelte-adapter-0.5.0.tgz",
      "integrity": "sha512-4RDhWyo4MmTQJS0KFrdXy4fw50GAXh0U0B1KEBHa0A4dgFTLXmjlfpDg2gW3e2a3Pg9NwTOh/wP+X0PdvXwr9Q=="
    }
  },
  "dependencies": {
    "svelte-adapter": {
      "version": "0.5.0",
      "resolved": "https://registry.npmjs.org/svelte-adapter/-/svelte-adapter-0.5.0.tgz",
      "integrity": "sha512-4RDhWyo4MmTQJS0KFrdXy4fw50GAXh0U0B1KEBHa0A4dgFTLXmjlfpDg2gW3e2a3Pg9NwTOh/wP+X0PdvXwr9Q=="
    }
  }
}
